// !$*UTF8*$!
{
	archiveVersion = 1;
	classes = {
	};
	objectVersion = 50;
	objects = {

/* Begin PBXBuildFile section */
		CA1D5DC420DB9F0C00EC3F1F /* AppDelegate.swift in Sources */ = {isa = PBXBuildFile; fileRef = CA1D5DC320DB9F0C00EC3F1F /* AppDelegate.swift */; };
		CA1D5DC920DB9F0C00EC3F1F /* Main.storyboard in Resources */ = {isa = PBXBuildFile; fileRef = CA1D5DC720DB9F0C00EC3F1F /* Main.storyboard */; };
		CA1D5DCB20DB9F0D00EC3F1F /* Assets.xcassets in Resources */ = {isa = PBXBuildFile; fileRef = CA1D5DCA20DB9F0D00EC3F1F /* Assets.xcassets */; };
		CA1D5DCE20DB9F0D00EC3F1F /* LaunchScreen.storyboard in Resources */ = {isa = PBXBuildFile; fileRef = CA1D5DCC20DB9F0D00EC3F1F /* LaunchScreen.storyboard */; };
		CA1D5DD720DBA03B00EC3F1F /* HelloViewController.swift in Sources */ = {isa = PBXBuildFile; fileRef = CA1D5DD620DBA03B00EC3F1F /* HelloViewController.swift */; };
		CA1D5DDD20DBA25100EC3F1F /* StringExtensions.swift in Sources */ = {isa = PBXBuildFile; fileRef = CA1D5DDC20DBA25100EC3F1F /* StringExtensions.swift */; };
		CA1D5DE120DBA35100EC3F1F /* APIManager.swift in Sources */ = {isa = PBXBuildFile; fileRef = CA1D5DE020DBA35100EC3F1F /* APIManager.swift */; };
		CA1D5DE320DBA35F00EC3F1F /* APIConsts.swift in Sources */ = {isa = PBXBuildFile; fileRef = CA1D5DE220DBA35F00EC3F1F /* APIConsts.swift */; };
		CA1D5DE520DBA37700EC3F1F /* APIRequest.swift in Sources */ = {isa = PBXBuildFile; fileRef = CA1D5DE420DBA37700EC3F1F /* APIRequest.swift */; };
		CA1D5DE720DBA38A00EC3F1F /* DataManager.swift in Sources */ = {isa = PBXBuildFile; fileRef = CA1D5DE620DBA38A00EC3F1F /* DataManager.swift */; };
		CA1D5DE920DBA87100EC3F1F /* Repository.swift in Sources */ = {isa = PBXBuildFile; fileRef = CA1D5DE820DBA87100EC3F1F /* Repository.swift */; };
		CA1D5DEB20DBA8C400EC3F1F /* User.swift in Sources */ = {isa = PBXBuildFile; fileRef = CA1D5DEA20DBA8C400EC3F1F /* User.swift */; };
		CA1D5DED20DBABB000EC3F1F /* RepoListViewController.swift in Sources */ = {isa = PBXBuildFile; fileRef = CA1D5DEC20DBABB000EC3F1F /* RepoListViewController.swift */; };
		CA1D5DEF20DBAEF000EC3F1F /* RepositoryCell.swift in Sources */ = {isa = PBXBuildFile; fileRef = CA1D5DEE20DBAEF000EC3F1F /* RepositoryCell.swift */; };
/* End PBXBuildFile section */

/* Begin PBXFileReference section */
		CA1D5DC020DB9F0C00EC3F1F /* HomeGithub.app */ = {isa = PBXFileReference; explicitFileType = wrapper.application; includeInIndex = 0; path = HomeGithub.app; sourceTree = BUILT_PRODUCTS_DIR; };
		CA1D5DC320DB9F0C00EC3F1F /* AppDelegate.swift */ = {isa = PBXFileReference; lastKnownFileType = sourcecode.swift; path = AppDelegate.swift; sourceTree = "<group>"; };
		CA1D5DC820DB9F0C00EC3F1F /* Base */ = {isa = PBXFileReference; lastKnownFileType = file.storyboard; name = Base; path = Base.lproj/Main.storyboard; sourceTree = "<group>"; };
		CA1D5DCA20DB9F0D00EC3F1F /* Assets.xcassets */ = {isa = PBXFileReference; lastKnownFileType = folder.assetcatalog; path = Assets.xcassets; sourceTree = "<group>"; };
		CA1D5DCD20DB9F0D00EC3F1F /* Base */ = {isa = PBXFileReference; lastKnownFileType = file.storyboard; name = Base; path = Base.lproj/LaunchScreen.storyboard; sourceTree = "<group>"; };
		CA1D5DCF20DB9F0D00EC3F1F /* Info.plist */ = {isa = PBXFileReference; lastKnownFileType = text.plist.xml; path = Info.plist; sourceTree = "<group>"; };
		CA1D5DD620DBA03B00EC3F1F /* HelloViewController.swift */ = {isa = PBXFileReference; lastKnownFileType = sourcecode.swift; path = HelloViewController.swift; sourceTree = "<group>"; };
		CA1D5DDC20DBA25100EC3F1F /* StringExtensions.swift */ = {isa = PBXFileReference; lastKnownFileType = sourcecode.swift; path = StringExtensions.swift; sourceTree = "<group>"; };
		CA1D5DE020DBA35100EC3F1F /* APIManager.swift */ = {isa = PBXFileReference; lastKnownFileType = sourcecode.swift; path = APIManager.swift; sourceTree = "<group>"; };
		CA1D5DE220DBA35F00EC3F1F /* APIConsts.swift */ = {isa = PBXFileReference; lastKnownFileType = sourcecode.swift; path = APIConsts.swift; sourceTree = "<group>"; };
		CA1D5DE420DBA37700EC3F1F /* APIRequest.swift */ = {isa = PBXFileReference; lastKnownFileType = sourcecode.swift; path = APIRequest.swift; sourceTree = "<group>"; };
		CA1D5DE620DBA38A00EC3F1F /* DataManager.swift */ = {isa = PBXFileReference; lastKnownFileType = sourcecode.swift; path = DataManager.swift; sourceTree = "<group>"; };
		CA1D5DE820DBA87100EC3F1F /* Repository.swift */ = {isa = PBXFileReference; lastKnownFileType = sourcecode.swift; path = Repository.swift; sourceTree = "<group>"; };
		CA1D5DEA20DBA8C400EC3F1F /* User.swift */ = {isa = PBXFileReference; lastKnownFileType = sourcecode.swift; path = User.swift; sourceTree = "<group>"; };
		CA1D5DEC20DBABB000EC3F1F /* RepoListViewController.swift */ = {isa = PBXFileReference; lastKnownFileType = sourcecode.swift; path = RepoListViewController.swift; sourceTree = "<group>"; };
		CA1D5DEE20DBAEF000EC3F1F /* RepositoryCell.swift */ = {isa = PBXFileReference; lastKnownFileType = sourcecode.swift; path = RepositoryCell.swift; sourceTree = "<group>"; };
/* End PBXFileReference section */

/* Begin PBXFrameworksBuildPhase section */
		CA1D5DBD20DB9F0C00EC3F1F /* Frameworks */ = {
			isa = PBXFrameworksBuildPhase;
			buildActionMask = 2147483647;
			files = (
			);
			runOnlyForDeploymentPostprocessing = 0;
		};
/* End PBXFrameworksBuildPhase section */

/* Begin PBXGroup section */
		CA1D5DB720DB9F0C00EC3F1F = {
			isa = PBXGroup;
			children = (
				CA1D5DC220DB9F0C00EC3F1F /* HomeGithub */,
				CA1D5DC120DB9F0C00EC3F1F /* Products */,
			);
			sourceTree = "<group>";
		};
		CA1D5DC120DB9F0C00EC3F1F /* Products */ = {
			isa = PBXGroup;
			children = (
				CA1D5DC020DB9F0C00EC3F1F /* HomeGithub.app */,
			);
			name = Products;
			sourceTree = "<group>";
		};
		CA1D5DC220DB9F0C00EC3F1F /* HomeGithub */ = {
			isa = PBXGroup;
			children = (
				CA1D5DDF20DBA33C00EC3F1F /* Netwroking */,
				CA1D5DDE20DBA33000EC3F1F /* Managers */,
				CA1D5DDB20DBA08100EC3F1F /* Models */,
				CA1D5DD920DBA06900EC3F1F /* Utils */,
				CA1D5DD520DBA01000EC3F1F /* Controllers */,
				CA1D5DC320DB9F0C00EC3F1F /* AppDelegate.swift */,
				CA1D5DC720DB9F0C00EC3F1F /* Main.storyboard */,
				CA1D5DCA20DB9F0D00EC3F1F /* Assets.xcassets */,
				CA1D5DCC20DB9F0D00EC3F1F /* LaunchScreen.storyboard */,
				CA1D5DCF20DB9F0D00EC3F1F /* Info.plist */,
			);
			path = HomeGithub;
			sourceTree = "<group>";
		};
		CA1D5DD520DBA01000EC3F1F /* Controllers */ = {
			isa = PBXGroup;
			children = (
				CA1D5DD620DBA03B00EC3F1F /* HelloViewController.swift */,
				CA1D5DEC20DBABB000EC3F1F /* RepoListViewController.swift */,
				CA1D5DEE20DBAEF000EC3F1F /* RepositoryCell.swift */,
			);
			path = Controllers;
			sourceTree = "<group>";
		};
		CA1D5DD920DBA06900EC3F1F /* Utils */ = {
			isa = PBXGroup;
			children = (
				CA1D5DDA20DBA07300EC3F1F /* Extension */,
			);
			path = Utils;
			sourceTree = "<group>";
		};
		CA1D5DDA20DBA07300EC3F1F /* Extension */ = {
			isa = PBXGroup;
			children = (
				CA1D5DDC20DBA25100EC3F1F /* StringExtensions.swift */,
			);
			path = Extension;
			sourceTree = "<group>";
		};
		CA1D5DDB20DBA08100EC3F1F /* Models */ = {
			isa = PBXGroup;
			children = (
				CA1D5DE820DBA87100EC3F1F /* Repository.swift */,
				CA1D5DEA20DBA8C400EC3F1F /* User.swift */,
			);
			path = Models;
			sourceTree = "<group>";
		};
		CA1D5DDE20DBA33000EC3F1F /* Managers */ = {
			isa = PBXGroup;
			children = (
				CA1D5DE620DBA38A00EC3F1F /* DataManager.swift */,
			);
			path = Managers;
			sourceTree = "<group>";
		};
		CA1D5DDF20DBA33C00EC3F1F /* Netwroking */ = {
			isa = PBXGroup;
			children = (
				CA1D5DE020DBA35100EC3F1F /* APIManager.swift */,
				CA1D5DE220DBA35F00EC3F1F /* APIConsts.swift */,
				CA1D5DE420DBA37700EC3F1F /* APIRequest.swift */,
			);
			path = Netwroking;
			sourceTree = "<group>";
		};
/* End PBXGroup section */

/* Begin PBXNativeTarget section */
		CA1D5DBF20DB9F0C00EC3F1F /* HomeGithub */ = {
			isa = PBXNativeTarget;
			buildConfigurationList = CA1D5DD220DB9F0D00EC3F1F /* Build configuration list for PBXNativeTarget "HomeGithub" */;
			buildPhases = (
				CA1D5DBC20DB9F0C00EC3F1F /* Sources */,
				CA1D5DBD20DB9F0C00EC3F1F /* Frameworks */,
				CA1D5DBE20DB9F0C00EC3F1F /* Resources */,
			);
			buildRules = (
			);
			dependencies = (
			);
			name = HomeGithub;
			productName = HomeGithub;
			productReference = CA1D5DC020DB9F0C00EC3F1F /* HomeGithub.app */;
			productType = "com.apple.product-type.application";
		};
/* End PBXNativeTarget section */

/* Begin PBXProject section */
		CA1D5DB820DB9F0C00EC3F1F /* Project object */ = {
			isa = PBXProject;
			attributes = {
				LastSwiftUpdateCheck = 0930;
				LastUpgradeCheck = 0930;
				ORGANIZATIONNAME = "Matan Gold";
				TargetAttributes = {
					CA1D5DBF20DB9F0C00EC3F1F = {
						CreatedOnToolsVersion = 9.3.1;
					};
				};
			};
			buildConfigurationList = CA1D5DBB20DB9F0C00EC3F1F /* Build configuration list for PBXProject "HomeGithub" */;
			compatibilityVersion = "Xcode 9.3";
			developmentRegion = en;
			hasScannedForEncodings = 0;
			knownRegions = (
				en,
				Base,
			);
			mainGroup = CA1D5DB720DB9F0C00EC3F1F;
			productRefGroup = CA1D5DC120DB9F0C00EC3F1F /* Products */;
			projectDirPath = "";
			projectRoot = "";
			targets = (
				CA1D5DBF20DB9F0C00EC3F1F /* HomeGithub */,
			);
		};
/* End PBXProject section */

/* Begin PBXResourcesBuildPhase section */
		CA1D5DBE20DB9F0C00EC3F1F /* Resources */ = {
			isa = PBXResourcesBuildPhase;
			buildActionMask = 2147483647;
			files = (
				CA1D5DCE20DB9F0D00EC3F1F /* LaunchScreen.storyboard in Resources */,
				CA1D5DCB20DB9F0D00EC3F1F /* Assets.xcassets in Resources */,
				CA1D5DC920DB9F0C00EC3F1F /* Main.storyboard in Resources */,
			);
			runOnlyForDeploymentPostprocessing = 0;
		};
/* End PBXResourcesBuildPhase section */

/* Begin PBXSourcesBuildPhase section */
		CA1D5DBC20DB9F0C00EC3F1F /* Sources */ = {
			isa = PBXSourcesBuildPhase;
			buildActionMask = 2147483647;
			files = (
				CA1D5DE120DBA35100EC3F1F /* APIManager.swift in Sources */,
				CA1D5DDD20DBA25100EC3F1F /* StringExtensions.swift in Sources */,
				CA1D5DED20DBABB000EC3F1F /* RepoListViewController.swift in Sources */,
				CA1D5DE320DBA35F00EC3F1F /* APIConsts.swift in Sources */,
				CA1D5DE920DBA87100EC3F1F /* Repository.swift in Sources */,
				CA1D5DE720DBA38A00EC3F1F /* DataManager.swift in Sources */,
				CA1D5DEF20DBAEF000EC3F1F /* RepositoryCell.swift in Sources */,
				CA1D5DEB20DBA8C400EC3F1F /* User.swift in Sources */,
				CA1D5DD720DBA03B00EC3F1F /* HelloViewController.swift in Sources */,
				CA1D5DE520DBA37700EC3F1F /* APIRequest.swift in Sources */,
				CA1D5DC420DB9F0C00EC3F1F /* AppDelegate.swift in Sources */,
			);
			runOnlyForDeploymentPostprocessing = 0;
		};
/* End PBXSourcesBuildPhase section */

/* Begin PBXVariantGroup section */
		CA1D5DC720DB9F0C00EC3F1F /* Main.storyboard */ = {
			isa = PBXVariantGroup;
			children = (
				CA1D5DC820DB9F0C00EC3F1F /* Base */,
			);
			name = Main.storyboard;
			sourceTree = "<group>";
		};
		CA1D5DCC20DB9F0D00EC3F1F /* LaunchScreen.storyboard */ = {
			isa = PBXVariantGroup;
			children = (
				CA1D5DCD20DB9F0D00EC3F1F /* Base */,
			);
			name = LaunchScreen.storyboard;
			sourceTree = "<group>";
		};
/* End PBXVariantGroup section */

/* Begin XCBuildConfiguration section */
		CA1D5DD020DB9F0D00EC3F1F /* Debug */ = {
			isa = XCBuildConfiguration;
			buildSettings = {
				ALWAYS_SEARCH_USER_PATHS = NO;
				CLANG_ANALYZER_NONNULL = YES;
				CLANG_ANALYZER_NUMBER_OBJECT_CONVERSION = YES_AGGRESSIVE;
				CLANG_CXX_LANGUAGE_STANDARD = "gnu++14";
				CLANG_CXX_LIBRARY = "libc++";
				CLANG_ENABLE_MODULES = YES;
				CLANG_ENABLE_OBJC_ARC = YES;
				CLANG_ENABLE_OBJC_WEAK = YES;
				CLANG_WARN_BLOCK_CAPTURE_AUTORELEASING = YES;
				CLANG_WARN_BOOL_CONVERSION = YES;
				CLANG_WARN_COMMA = YES;
				CLANG_WARN_CONSTANT_CONVERSION = YES;
				CLANG_WARN_DEPRECATED_OBJC_IMPLEMENTATIONS = YES;
				CLANG_WARN_DIRECT_OBJC_ISA_USAGE = YES_ERROR;
				CLANG_WARN_DOCUMENTATION_COMMENTS = YES;
				CLANG_WARN_EMPTY_BODY = YES;
				CLANG_WARN_ENUM_CONVERSION = YES;
				CLANG_WARN_INFINITE_RECURSION = YES;
				CLANG_WARN_INT_CONVERSION = YES;
				CLANG_WARN_NON_LITERAL_NULL_CONVERSION = YES;
				CLANG_WARN_OBJC_IMPLICIT_RETAIN_SELF = YES;
				CLANG_WARN_OBJC_LITERAL_CONVERSION = YES;
				CLANG_WARN_OBJC_ROOT_CLASS = YES_ERROR;
				CLANG_WARN_RANGE_LOOP_ANALYSIS = YES;
				CLANG_WARN_STRICT_PROTOTYPES = YES;
				CLANG_WARN_SUSPICIOUS_MOVE = YES;
				CLANG_WARN_UNGUARDED_AVAILABILITY = YES_AGGRESSIVE;
				CLANG_WARN_UNREACHABLE_CODE = YES;
				CLANG_WARN__DUPLICATE_METHOD_MATCH = YES;
				CODE_SIGN_IDENTITY = "iPhone Developer";
				COPY_PHASE_STRIP = NO;
				DEBUG_INFORMATION_FORMAT = dwarf;
				ENABLE_STRICT_OBJC_MSGSEND = YES;
				ENABLE_TESTABILITY = YES;
				GCC_C_LANGUAGE_STANDARD = gnu11;
				GCC_DYNAMIC_NO_PIC = NO;
				GCC_NO_COMMON_BLOCKS = YES;
				GCC_OPTIMIZATION_LEVEL = 0;
				GCC_PREPROCESSOR_DEFINITIONS = (
					"DEBUG=1",
					"$(inherited)",
				);
				GCC_WARN_64_TO_32_BIT_CONVERSION = YES;
				GCC_WARN_ABOUT_RETURN_TYPE = YES_ERROR;
				GCC_WARN_UNDECLARED_SELECTOR = YES;
				GCC_WARN_UNINITIALIZED_AUTOS = YES_AGGRESSIVE;
				GCC_WARN_UNUSED_FUNCTION = YES;
				GCC_WARN_UNUSED_VARIABLE = YES;
				IPHONEOS_DEPLOYMENT_TARGET = 11.3;
				MTL_ENABLE_DEBUG_INFO = YES;
				ONLY_ACTIVE_ARCH = YES;
				SDKROOT = iphoneos;
				SWIFT_ACTIVE_COMPILATION_CONDITIONS = DEBUG;
				SWIFT_OPTIMIZATION_LEVEL = "-Onone";
			};
			name = Debug;
		};
		CA1D5DD120DB9F0D00EC3F1F /* Release */ = {
			isa = XCBuildConfiguration;
			buildSettings = {
				ALWAYS_SEARCH_USER_PATHS = NO;
				CLANG_ANALYZER_NONNULL = YES;
				CLANG_ANALYZER_NUMBER_OBJECT_CONVERSION = YES_AGGRESSIVE;
				CLANG_CXX_LANGUAGE_STANDARD = "gnu++14";
				CLANG_CXX_LIBRARY = "libc++";
				CLANG_ENABLE_MODULES = YES;
				CLANG_ENABLE_OBJC_ARC = YES;
				CLANG_ENABLE_OBJC_WEAK = YES;
				CLANG_WARN_BLOCK_CAPTURE_AUTORELEASING = YES;
				CLANG_WARN_BOOL_CONVERSION = YES;
				CLANG_WARN_COMMA = YES;
				CLANG_WARN_CONSTANT_CONVERSION = YES;
				CLANG_WARN_DEPRECATED_OBJC_IMPLEMENTATIONS = YES;
				CLANG_WARN_DIRECT_OBJC_ISA_USAGE = YES_ERROR;
				CLANG_WARN_DOCUMENTATION_COMMENTS = YES;
				CLANG_WARN_EMPTY_BODY = YES;
				CLANG_WARN_ENUM_CONVERSION = YES;
				CLANG_WARN_INFINITE_RECURSION = YES;
				CLANG_WARN_INT_CONVERSION = YES;
				CLANG_WARN_NON_LITERAL_NULL_CONVERSION = YES;
				CLANG_WARN_OBJC_IMPLICIT_RETAIN_SELF = YES;
				CLANG_WARN_OBJC_LITERAL_CONVERSION = YES;
				CLANG_WARN_OBJC_ROOT_CLASS = YES_ERROR;
				CLANG_WARN_RANGE_LOOP_ANALYSIS = YES;
				CLANG_WARN_STRICT_PROTOTYPES = YES;
				CLANG_WARN_SUSPICIOUS_MOVE = YES;
				CLANG_WARN_UNGUARDED_AVAILABILITY = YES_AGGRESSIVE;
				CLANG_WARN_UNREACHABLE_CODE = YES;
				CLANG_WARN__DUPLICATE_METHOD_MATCH = YES;
				CODE_SIGN_IDENTITY = "iPhone Developer";
				COPY_PHASE_STRIP = NO;
				DEBUG_INFORMATION_FORMAT = "dwarf-with-dsym";
				ENABLE_NS_ASSERTIONS = NO;
				ENABLE_STRICT_OBJC_MSGSEND = YES;
				GCC_C_LANGUAGE_STANDARD = gnu11;
				GCC_NO_COMMON_BLOCKS = YES;
				GCC_WARN_64_TO_32_BIT_CONVERSION = YES;
				GCC_WARN_ABOUT_RETURN_TYPE = YES_ERROR;
				GCC_WARN_UNDECLARED_SELECTOR = YES;
				GCC_WARN_UNINITIALIZED_AUTOS = YES_AGGRESSIVE;
				GCC_WARN_UNUSED_FUNCTION = YES;
				GCC_WARN_UNUSED_VARIABLE = YES;
				IPHONEOS_DEPLOYMENT_TARGET = 11.3;
				MTL_ENABLE_DEBUG_INFO = NO;
				SDKROOT = iphoneos;
				SWIFT_COMPILATION_MODE = wholemodule;
				SWIFT_OPTIMIZATION_LEVEL = "-O";
				VALIDATE_PRODUCT = YES;
			};
			name = Release;
		};
		CA1D5DD320DB9F0D00EC3F1F /* Debug */ = {
			isa = XCBuildConfiguration;
			buildSettings = {
				ASSETCATALOG_COMPILER_APPICON_NAME = AppIcon;
				CODE_SIGN_STYLE = Automatic;
				DEVELOPMENT_TEAM = 3D8BSZF669;
				INFOPLIST_FILE = HomeGithub/Info.plist;
				LD_RUNPATH_SEARCH_PATHS = (
					"$(inherited)",
					"@executable_path/Frameworks",
				);
				PRODUCT_BUNDLE_IDENTIFIER = com.iAppGrade.HomeGithub;
				PRODUCT_NAME = "$(TARGET_NAME)";
				SWIFT_VERSION = 4.0;
				TARGETED_DEVICE_FAMILY = 1;
			};
			name = Debug;
		};
		CA1D5DD420DB9F0D00EC3F1F /* Release */ = {
			isa = XCBuildConfiguration;
			buildSettings = {
				ASSETCATALOG_COMPILER_APPICON_NAME = AppIcon;
				CODE_SIGN_STYLE = Automatic;
				DEVELOPMENT_TEAM = 3D8BSZF669;
				INFOPLIST_FILE = HomeGithub/Info.plist;
				LD_RUNPATH_SEARCH_PATHS = (
					"$(inherited)",
					"@executable_path/Frameworks",
				);
				PRODUCT_BUNDLE_IDENTIFIER = com.iAppGrade.HomeGithub;
				PRODUCT_NAME = "$(TARGET_NAME)";
				SWIFT_VERSION = 4.0;
				TARGETED_DEVICE_FAMILY = 1;
			};
			name = Release;
		};
/* End XCBuildConfiguration section */

/* Begin XCConfigurationList section */
		CA1D5DBB20DB9F0C00EC3F1F /* Build configuration list for PBXProject "HomeGithub" */ = {
			isa = XCConfigurationList;
			buildConfigurations = (
				CA1D5DD020DB9F0D00EC3F1F /* Debug */,
				CA1D5DD120DB9F0D00EC3F1F /* Release */,
			);
			defaultConfigurationIsVisible = 0;
			defaultConfigurationName = Release;
		};
		CA1D5DD220DB9F0D00EC3F1F /* Build configuration list for PBXNativeTarget "HomeGithub" */ = {
			isa = XCConfigurationList;
			buildConfigurations = (
				CA1D5DD320DB9F0D00EC3F1F /* Debug */,
				CA1D5DD420DB9F0D00EC3F1F /* Release */,
			);
			defaultConfigurationIsVisible = 0;
			defaultConfigurationName = Release;
		};
/* End XCConfigurationList section */
	};
	rootObject = CA1D5DB820DB9F0C00EC3F1F /* Project object */;
}
